schema: '2.0'
stages:
  stage_name:
    cmd: python src/stage_01_prepare.py
    deps:
    - path: configs/config.yaml
      md5: 57d392c429f26861b6e2df0ae47b404a
      size: 437
    - path: data/data.xml
      md5: a304afb96060aad90176268345e10355
      size: 37891850
    - path: src/stage_01_prepare.py
      md5: f540caf1a16793070094b22734e8fb5a
      size: 2437
    - path: src/utils/common.py
      md5: d162961d817182441383bdb0e674e685
      size: 675
    - path: src/utils/data_mgmt.py
      md5: 9eeb2bcec00d5775b4bc5feefeea543a
      size: 1018
    params:
      params.yaml:
        prepare.random_seed: 42
        prepare.split_ratio: 0.2
    outs:
    - path: artifacts/processed_data/test.tsv
      md5: 1575a0260675015bbb71bb9dfc2b2d48
      size: 4835002
    - path: artifacts/processed_data/train.tsv
      md5: 3ce650a6aa34411f88b596a1dd6448a3
      size: 19051317
  feature_extraction:
    cmd: python src/stage_02_feature_engineering.py
    deps:
    - path: artifacts/processed_data/test.tsv
      md5: 7c9ed94b12f5d24713af1b3c9961610a
      size: 7144484
    - path: artifacts/processed_data/train.tsv
      md5: 4dcc30a8c610aaca299f2dc6b35b74d2
      size: 16741835
    - path: configs/config.yaml
      md5: 5d204744474edbbb77102e7cf78d4da2
      size: 693
    - path: src/stage_02_feature_engineering.py
      md5: 4e9f23663d5cec995913b132b46b0321
      size: 5592
    - path: src/utils/common.py
      md5: d162961d817182441383bdb0e674e685
      size: 675
    - path: src/utils/featurize.py
      md5: 62356bc61614808ea5931f1317725496
      size: 599
    params:
      params.yaml:
        FEATURES.MAX_FEATURES: 5000
        FEATURES.NGRAMS: 2
    outs:
    - path: artifacts/features/features_test.pkl
      md5: b0e118806386ac3f9ae860f109ff3bec
      size: 3056737
    - path: artifacts/features/features_train.pkl
      md5: 9d4d57c4b8a1125e3e0548debfe2a1d1
      size: 7178533
  Preparation:
    cmd: python src/stage_01_prepare.py
    deps:
    - path: configs/config.yaml
      md5: 5d204744474edbbb77102e7cf78d4da2
      size: 693
    - path: data/data.xml
      md5: a304afb96060aad90176268345e10355
      size: 37891850
    - path: src/stage_01_prepare.py
      md5: f540caf1a16793070094b22734e8fb5a
      size: 2437
    - path: src/utils/common.py
      md5: d162961d817182441383bdb0e674e685
      size: 675
    - path: src/utils/data_mgmt.py
      md5: 9eeb2bcec00d5775b4bc5feefeea543a
      size: 1018
    params:
      params.yaml:
        prepare.random_seed: 42
        prepare.split_ratio: 0.3
    outs:
    - path: artifacts/processed_data/test.tsv
      md5: 7c9ed94b12f5d24713af1b3c9961610a
      size: 7144484
    - path: artifacts/processed_data/train.tsv
      md5: 4dcc30a8c610aaca299f2dc6b35b74d2
      size: 16741835
  model_training:
    cmd: python src/stage_03_train.py --config=configs/config.yaml --params=params.yaml
    deps:
    - path: artifacts/features/features_train.pkl
      md5: 9d4d57c4b8a1125e3e0548debfe2a1d1
      size: 7178533
    - path: configs/config.yaml
      md5: 5d204744474edbbb77102e7cf78d4da2
      size: 693
    - path: src/stage_03_train.py
      md5: b19fc121537eefc8a7eab53f126b5e1f
      size: 3183
    - path: src/utils/common.py
      md5: d162961d817182441383bdb0e674e685
      size: 675
    params:
      params.yaml:
        TRAIN.MAX_DEPTH: 8
        TRAIN.MIN_SAMPLES_SPLIT: 15
        TRAIN.N_ESTIMATORS: 90
        TRAIN.SEED: 42
    outs:
    - path: artifacts/model/model.pkl
      md5: 703858804e72704ebf51b6270639d167
      size: 545726
  model_evaluation:
    cmd: python src/stage_04_evaluate.py --config=configs/config.yaml
    deps:
    - path: artifacts/features/features_test.pkl
      md5: b0e118806386ac3f9ae860f109ff3bec
      size: 3056737
    - path: artifacts/model/model.pkl
      md5: 703858804e72704ebf51b6270639d167
      size: 545726
    - path: configs/config.yaml
      md5: 5d204744474edbbb77102e7cf78d4da2
      size: 693
    - path: src/stage_04_evaluate.py
      md5: 7d25b1fc4f0985ef57b4767af10d74dd
      size: 3380
    - path: src/utils/common.py
      md5: d162961d817182441383bdb0e674e685
      size: 675
    outs:
    - path: metrics.json
      md5: 0c066f63ad40672c3cc33b2dc8226d89
      size: 85
    - path: prc.json
      md5: 50e9561a5c5c95401a22b7afa7c7bc54
      size: 303276
    - path: roc.json
      md5: eddc0b47b266264afd7976783b9afd76
      size: 107653
  run_plots_command:
    cmd: dvc plots diff
